
Microsoft Visual Studio Solution File, Format Version 12.00
# Visual Studio Version 17
VisualStudioVersion = 17.3.32922.545
MinimumVisualStudioVersion = 10.0.40219.1
Project("{FAE04EC0-301F-11D3-BF4B-00C04F79EFBC}") = "EvidencePojisteni", "EvidencePojisteni.csproj", "{B2E367E1-D969-43A7-A505-254CE574732F}"
EndProject
Global
	GlobalSection(SolutionConfigurationPlatforms) = preSolution
		Debug|Any CPU = Debug|Any CPU
		Release|Any CPU = Release|Any CPU
	EndGlobalSection
	GlobalSection(ProjectConfigurationPlatforms) = postSolution
		{B2E367E1-D969-43A7-A505-254CE574732F}.Debug|Any CPU.ActiveCfg = Debug|Any CPU
		{B2E367E1-D969-43A7-A505-254CE574732F}.Debug|Any CPU.Build.0 = Debug|Any CPU
		{B2E367E1-D969-43A7-A505-254CE574732F}.Release|Any CPU.ActiveCfg = Release|Any CPU
		{B2E367E1-D969-43A7-A505-254CE574732F}.Release|Any CPU.Build.0 = Release|Any CPU
	EndGlobalSection
	GlobalSection(SolutionProperties) = preSolution
		HideSolutionNode = FALSE
	EndGlobalSection
	GlobalSection(ExtensibilityGlobals) = postSolution
		SolutionGuid = {1FC81B14-73AA-42BF-8211-63A7322A32EB}
	EndGlobalSection
EndGlobal
